
Microsoft Visual Studio Solution File, Format Version 12.00
# Visual Studio Version 16
VisualStudioVersion = 16.0.30330.147
MinimumVisualStudioVersion = 10.0.40219.1
Project("{FAE04EC0-301F-11D3-BF4B-00C04F79EFBC}") = "ConverterANSII", "ConverterANSII.csproj", "{33892B41-C9AB-4433-8127-D248D7BD6896}"
EndProject
Global
	GlobalSection(SolutionConfigurationPlatforms) = preSolution
		Debug|Any CPU = Debug|Any CPU
		Release|Any CPU = Release|Any CPU
	EndGlobalSection
	GlobalSection(ProjectConfigurationPlatforms) = postSolution
		{33892B41-C9AB-4433-8127-D248D7BD6896}.Debug|Any CPU.ActiveCfg = Debug|Any CPU
		{33892B41-C9AB-4433-8127-D248D7BD6896}.Debug|Any CPU.Build.0 = Debug|Any CPU
		{33892B41-C9AB-4433-8127-D248D7BD6896}.Release|Any CPU.ActiveCfg = Release|Any CPU
		{33892B41-C9AB-4433-8127-D248D7BD6896}.Release|Any CPU.Build.0 = Release|Any CPU
	EndGlobalSection
	GlobalSection(SolutionProperties) = preSolution
		HideSolutionNode = FALSE
	EndGlobalSection
	GlobalSection(ExtensibilityGlobals) = postSolution
		SolutionGuid = {D5722A9E-D8A9-4056-A4B3-4ABE93C70D5F}
	EndGlobalSection
EndGlobal
